// !$*UTF8*$!
{
	archiveVersion = 1;
	classes = {
	};
	objectVersion = 77;
	objects = {

/* Begin PBXBuildFile section */
		542DBC442E7B73210072A320 /* FirebaseDatabase in Frameworks */ = {isa = PBXBuildFile; productRef = 542DBC432E7B73210072A320 /* FirebaseDatabase */; };
		542DBC462E7B73210072A320 /* FirebaseFirestore in Frameworks */ = {isa = PBXBuildFile; productRef = 542DBC452E7B73210072A320 /* FirebaseFirestore */; };
		543A5C012E3DFE070007ED64 /* FirebaseAuth in Frameworks */ = {isa = PBXBuildFile; productRef = 543A5C002E3DFE070007ED64 /* FirebaseAuth */; };
		543A5C032E3DFE070007ED64 /* FirebaseAuthCombine-Community in Frameworks */ = {isa = PBXBuildFile; productRef = 543A5C022E3DFE070007ED64 /* FirebaseAuthCombine-Community */; };
/* End PBXBuildFile section */

/* Begin PBXContainerItemProxy section */
		54E41FBE2E2E9CCC007DAB5D /* PBXContainerItemProxy */ = {
			isa = PBXContainerItemProxy;
			containerPortal = 54E41FA32E2E9CCB007DAB5D /* Project object */;
			proxyType = 1;
			remoteGlobalIDString = 54E41FAA2E2E9CCB007DAB5D;
			remoteInfo = Routa;
		};
		54E41FC82E2E9CCC007DAB5D /* PBXContainerItemProxy */ = {
			isa = PBXContainerItemProxy;
			containerPortal = 54E41FA32E2E9CCB007DAB5D /* Project object */;
			proxyType = 1;
			remoteGlobalIDString = 54E41FAA2E2E9CCB007DAB5D;
			remoteInfo = Routa;
		};
/* End PBXContainerItemProxy section */

/* Begin PBXFileReference section */
		54E41FAB2E2E9CCB007DAB5D /* Routa.app */ = {isa = PBXFileReference; explicitFileType = wrapper.application; includeInIndex = 0; path = Routa.app; sourceTree = BUILT_PRODUCTS_DIR; };
		54E41FBD2E2E9CCC007DAB5D /* RoutaTests.xctest */ = {isa = PBXFileReference; explicitFileType = wrapper.cfbundle; includeInIndex = 0; path = RoutaTests.xctest; sourceTree = BUILT_PRODUCTS_DIR; };
		54E41FC72E2E9CCC007DAB5D /* RoutaUITests.xctest */ = {isa = PBXFileReference; explicitFileType = wrapper.cfbundle; includeInIndex = 0; path = RoutaUITests.xctest; sourceTree = BUILT_PRODUCTS_DIR; };
/* End PBXFileReference section */

/* Begin PBXFileSystemSynchronizedRootGroup section */
		54E41FAD2E2E9CCB007DAB5D /* Routa */ = {
			isa = PBXFileSystemSynchronizedRootGroup;
			path = Routa;
			sourceTree = "<group>";
		};
		54E41FC02E2E9CCC007DAB5D /* RoutaTests */ = {
			isa = PBXFileSystemSynchronizedRootGroup;
			path = RoutaTests;
			sourceTree = "<group>";
		};
		54E41FCA2E2E9CCC007DAB5D /* RoutaUITests */ = {
			isa = PBXFileSystemSynchronizedRootGroup;
			path = RoutaUITests;
			sourceTree = "<group>";
		};
/* End PBXFileSystemSynchronizedRootGroup section */

/* Begin PBXFrameworksBuildPhase section */
		54E41FA82E2E9CCB007DAB5D /* Frameworks */ = {
			isa = PBXFrameworksBuildPhase;
			buildActionMask = 2147483647;
			files = (
				542DBC442E7B73210072A320 /* FirebaseDatabase in Frameworks */,
				542DBC462E7B73210072A320 /* FirebaseFirestore in Frameworks */,
				543A5C012E3DFE070007ED64 /* FirebaseAuth in Frameworks */,
				543A5C032E3DFE070007ED64 /* FirebaseAuthCombine-Community in Frameworks */,
			);
			runOnlyForDeploymentPostprocessing = 0;
		};
		54E41FBA2E2E9CCC007DAB5D /* Frameworks */ = {
			isa = PBXFrameworksBuildPhase;
			buildActionMask = 2147483647;
			files = (
			);
			runOnlyForDeploymentPostprocessing = 0;
		};
		54E41FC42E2E9CCC007DAB5D /* Frameworks */ = {
			isa = PBXFrameworksBuildPhase;
			buildActionMask = 2147483647;
			files = (
			);
			runOnlyForDeploymentPostprocessing = 0;
		};
/* End PBXFrameworksBuildPhase section */

/* Begin PBXGroup section */
		54E41FA22E2E9CCB007DAB5D = {
			isa = PBXGroup;
			children = (
				54E41FAD2E2E9CCB007DAB5D /* Routa */,
				54E41FC02E2E9CCC007DAB5D /* RoutaTests */,
				54E41FCA2E2E9CCC007DAB5D /* RoutaUITests */,
				54E41FAC2E2E9CCB007DAB5D /* Products */,
			);
			sourceTree = "<group>";
		};
		54E41FAC2E2E9CCB007DAB5D /* Products */ = {
			isa = PBXGroup;
			children = (
				54E41FAB2E2E9CCB007DAB5D /* Routa.app */,
				54E41FBD2E2E9CCC007DAB5D /* RoutaTests.xctest */,
				54E41FC72E2E9CCC007DAB5D /* RoutaUITests.xctest */,
			);
			name = Products;
			sourceTree = "<group>";
		};
/* End PBXGroup section */

/* Begin PBXNativeTarget section */
		54E41FAA2E2E9CCB007DAB5D /* Routa */ = {
			isa = PBXNativeTarget;
			buildConfigurationList = 54E41FD12E2E9CCC007DAB5D /* Build configuration list for PBXNativeTarget "Routa" */;
			buildPhases = (
				54E41FA72E2E9CCB007DAB5D /* Sources */,
				54E41FA82E2E9CCB007DAB5D /* Frameworks */,
				54E41FA92E2E9CCB007DAB5D /* Resources */,
			);
			buildRules = (
			);
			dependencies = (
			);
			fileSystemSynchronizedGroups = (
				54E41FAD2E2E9CCB007DAB5D /* Routa */,
			);
			name = Routa;
			packageProductDependencies = (
				543A5C002E3DFE070007ED64 /* FirebaseAuth */,
				543A5C022E3DFE070007ED64 /* FirebaseAuthCombine-Community */,
				542DBC432E7B73210072A320 /* FirebaseDatabase */,
				542DBC452E7B73210072A320 /* FirebaseFirestore */,
			);
			productName = Routa;
			productReference = 54E41FAB2E2E9CCB007DAB5D /* Routa.app */;
			productType = "com.apple.product-type.application";
		};
		54E41FBC2E2E9CCC007DAB5D /* RoutaTests */ = {
			isa = PBXNativeTarget;
			buildConfigurationList = 54E41FD42E2E9CCC007DAB5D /* Build configuration list for PBXNativeTarget "RoutaTests" */;
			buildPhases = (
				54E41FB92E2E9CCC007DAB5D /* Sources */,
				54E41FBA2E2E9CCC007DAB5D /* Frameworks */,
				54E41FBB2E2E9CCC007DAB5D /* Resources */,
			);
			buildRules = (
			);
			dependencies = (
				54E41FBF2E2E9CCC007DAB5D /* PBXTargetDependency */,
			);
			fileSystemSynchronizedGroups = (
				54E41FC02E2E9CCC007DAB5D /* RoutaTests */,
			);
			name = RoutaTests;
			packageProductDependencies = (
			);
			productName = RoutaTests;
			productReference = 54E41FBD2E2E9CCC007DAB5D /* RoutaTests.xctest */;
			productType = "com.apple.product-type.bundle.unit-test";
		};
		54E41FC62E2E9CCC007DAB5D /* RoutaUITests */ = {
			isa = PBXNativeTarget;
			buildConfigurationList = 54E41FD72E2E9CCC007DAB5D /* Build configuration list for PBXNativeTarget "RoutaUITests" */;
			buildPhases = (
				54E41FC32E2E9CCC007DAB5D /* Sources */,
				54E41FC42E2E9CCC007DAB5D /* Frameworks */,
				54E41FC52E2E9CCC007DAB5D /* Resources */,
			);
			buildRules = (
			);
			dependencies = (
				54E41FC92E2E9CCC007DAB5D /* PBXTargetDependency */,
			);
			fileSystemSynchronizedGroups = (
				54E41FCA2E2E9CCC007DAB5D /* RoutaUITests */,
			);
			name = RoutaUITests;
			packageProductDependencies = (
			);
			productName = RoutaUITests;
			productReference = 54E41FC72E2E9CCC007DAB5D /* RoutaUITests.xctest */;
			productType = "com.apple.product-type.bundle.ui-testing";
		};
/* End PBXNativeTarget section */

/* Begin PBXProject section */
		54E41FA32E2E9CCB007DAB5D /* Project object */ = {
			isa = PBXProject;
			attributes = {
				BuildIndependentTargetsInParallel = 1;
				LastSwiftUpdateCheck = 1600;
				LastUpgradeCheck = 1600;
				TargetAttributes = {
					54E41FAA2E2E9CCB007DAB5D = {
						CreatedOnToolsVersion = 16.0;
					};
					54E41FBC2E2E9CCC007DAB5D = {
						CreatedOnToolsVersion = 16.0;
						TestTargetID = 54E41FAA2E2E9CCB007DAB5D;
					};
					54E41FC62E2E9CCC007DAB5D = {
						CreatedOnToolsVersion = 16.0;
						TestTargetID = 54E41FAA2E2E9CCB007DAB5D;
					};
				};
			};
			buildConfigurationList = 54E41FA62E2E9CCB007DAB5D /* Build configuration list for PBXProject "Routa" */;
			developmentRegion = en;
			hasScannedForEncodings = 0;
			knownRegions = (
				en,
				Base,
			);
			mainGroup = 54E41FA22E2E9CCB007DAB5D;
			minimizedProjectReferenceProxies = 1;
			packageReferences = (
				543A5BFF2E3DFE070007ED64 /* XCRemoteSwiftPackageReference "firebase-ios-sdk" */,
			);
			preferredProjectObjectVersion = 77;
			productRefGroup = 54E41FAC2E2E9CCB007DAB5D /* Products */;
			projectDirPath = "";
			projectRoot = "";
			targets = (
				54E41FAA2E2E9CCB007DAB5D /* Routa */,
				54E41FBC2E2E9CCC007DAB5D /* RoutaTests */,
				54E41FC62E2E9CCC007DAB5D /* RoutaUITests */,
			);
		};
/* End PBXProject section */

/* Begin PBXResourcesBuildPhase section */
		54E41FA92E2E9CCB007DAB5D /* Resources */ = {
			isa = PBXResourcesBuildPhase;
			buildActionMask = 2147483647;
			files = (
			);
			runOnlyForDeploymentPostprocessing = 0;
		};
		54E41FBB2E2E9CCC007DAB5D /* Resources */ = {
			isa = PBXResourcesBuildPhase;
			buildActionMask = 2147483647;
			files = (
			);
			runOnlyForDeploymentPostprocessing = 0;
		};
		54E41FC52E2E9CCC007DAB5D /* Resources */ = {
			isa = PBXResourcesBuildPhase;
			buildActionMask = 2147483647;
			files = (
			);
			runOnlyForDeploymentPostprocessing = 0;
		};
/* End PBXResourcesBuildPhase section */

/* Begin PBXSourcesBuildPhase section */
		54E41FA72E2E9CCB007DAB5D /* Sources */ = {
			isa = PBXSourcesBuildPhase;
			buildActionMask = 2147483647;
			files = (
			);
			runOnlyForDeploymentPostprocessing = 0;
		};
		54E41FB92E2E9CCC007DAB5D /* Sources */ = {
			isa = PBXSourcesBuildPhase;
			buildActionMask = 2147483647;
			files = (
			);
			runOnlyForDeploymentPostprocessing = 0;
		};
		54E41FC32E2E9CCC007DAB5D /* Sources */ = {
			isa = PBXSourcesBuildPhase;
			buildActionMask = 2147483647;
			files = (
			);
			runOnlyForDeploymentPostprocessing = 0;
		};
/* End PBXSourcesBuildPhase section */

/* Begin PBXTargetDependency section */
		54E41FBF2E2E9CCC007DAB5D /* PBXTargetDependency */ = {
			isa = PBXTargetDependency;
			target = 54E41FAA2E2E9CCB007DAB5D /* Routa */;
			targetProxy = 54E41FBE2E2E9CCC007DAB5D /* PBXContainerItemProxy */;
		};
		54E41FC92E2E9CCC007DAB5D /* PBXTargetDependency */ = {
			isa = PBXTargetDependency;
			target = 54E41FAA2E2E9CCB007DAB5D /* Routa */;
			targetProxy = 54E41FC82E2E9CCC007DAB5D /* PBXContainerItemProxy */;
		};
/* End PBXTargetDependency section */

/* Begin XCBuildConfiguration section */
		54E41FCF2E2E9CCC007DAB5D /* Debug */ = {
			isa = XCBuildConfiguration;
			buildSettings = {
				ALWAYS_SEARCH_USER_PATHS = NO;
				ASSETCATALOG_COMPILER_GENERATE_SWIFT_ASSET_SYMBOL_EXTENSIONS = YES;
				CLANG_ANALYZER_NONNULL = YES;
				CLANG_ANALYZER_NUMBER_OBJECT_CONVERSION = YES_AGGRESSIVE;
				CLANG_CXX_LANGUAGE_STANDARD = "gnu++20";
				CLANG_ENABLE_MODULES = YES;
				CLANG_ENABLE_OBJC_ARC = YES;
				CLANG_ENABLE_OBJC_WEAK = YES;
				CLANG_WARN_BLOCK_CAPTURE_AUTORELEASING = YES;
				CLANG_WARN_BOOL_CONVERSION = YES;
				CLANG_WARN_COMMA = YES;
				CLANG_WARN_CONSTANT_CONVERSION = YES;
				CLANG_WARN_DEPRECATED_OBJC_IMPLEMENTATIONS = YES;
				CLANG_WARN_DIRECT_OBJC_ISA_USAGE = YES_ERROR;
				CLANG_WARN_DOCUMENTATION_COMMENTS = YES;
				CLANG_WARN_EMPTY_BODY = YES;
				CLANG_WARN_ENUM_CONVERSION = YES;
				CLANG_WARN_INFINITE_RECURSION = YES;
				CLANG_WARN_INT_CONVERSION = YES;
				CLANG_WARN_NON_LITERAL_NULL_CONVERSION = YES;
				CLANG_WARN_OBJC_IMPLICIT_RETAIN_SELF = YES;
				CLANG_WARN_OBJC_LITERAL_CONVERSION = YES;
				CLANG_WARN_OBJC_ROOT_CLASS = YES_ERROR;
				CLANG_WARN_QUOTED_INCLUDE_IN_FRAMEWORK_HEADER = YES;
				CLANG_WARN_RANGE_LOOP_ANALYSIS = YES;
				CLANG_WARN_STRICT_PROTOTYPES = YES;
				CLANG_WARN_SUSPICIOUS_MOVE = YES;
				CLANG_WARN_UNGUARDED_AVAILABILITY = YES_AGGRESSIVE;
				CLANG_WARN_UNREACHABLE_CODE = YES;
				CLANG_WARN__DUPLICATE_METHOD_MATCH = YES;
				COPY_PHASE_STRIP = NO;
				DEBUG_INFORMATION_FORMAT = dwarf;
				ENABLE_STRICT_OBJC_MSGSEND = YES;
				ENABLE_TESTABILITY = YES;
				ENABLE_USER_SCRIPT_SANDBOXING = YES;
				GCC_C_LANGUAGE_STANDARD = gnu17;
				GCC_DYNAMIC_NO_PIC = NO;
				GCC_NO_COMMON_BLOCKS = YES;
				GCC_OPTIMIZATION_LEVEL = 0;
				GCC_PREPROCESSOR_DEFINITIONS = (
					"DEBUG=1",
					"$(inherited)",
				);
				GCC_WARN_64_TO_32_BIT_CONVERSION = YES;
				GCC_WARN_ABOUT_RETURN_TYPE = YES_ERROR;
				GCC_WARN_UNDECLARED_SELECTOR = YES;
				GCC_WARN_UNINITIALIZED_AUTOS = YES_AGGRESSIVE;
				GCC_WARN_UNUSED_FUNCTION = YES;
				GCC_WARN_UNUSED_VARIABLE = YES;
				IPHONEOS_DEPLOYMENT_TARGET = 18.0;
				LOCALIZATION_PREFERS_STRING_CATALOGS = YES;
				MTL_ENABLE_DEBUG_INFO = INCLUDE_SOURCE;
				MTL_FAST_MATH = YES;
				ONLY_ACTIVE_ARCH = YES;
				SDKROOT = iphoneos;
				SWIFT_ACTIVE_COMPILATION_CONDITIONS = "DEBUG $(inherited)";
				SWIFT_OPTIMIZATION_LEVEL = "-Onone";
			};
			name = Debug;
		};
		54E41FD02E2E9CCC007DAB5D /* Release */ = {
			isa = XCBuildConfiguration;
			buildSettings = {
				ALWAYS_SEARCH_USER_PATHS = NO;
				ASSETCATALOG_COMPILER_GENERATE_SWIFT_ASSET_SYMBOL_EXTENSIONS = YES;
				CLANG_ANALYZER_NONNULL = YES;
				CLANG_ANALYZER_NUMBER_OBJECT_CONVERSION = YES_AGGRESSIVE;
				CLANG_CXX_LANGUAGE_STANDARD = "gnu++20";
				CLANG_ENABLE_MODULES = YES;
				CLANG_ENABLE_OBJC_ARC = YES;
				CLANG_ENABLE_OBJC_WEAK = YES;
				CLANG_WARN_BLOCK_CAPTURE_AUTORELEASING = YES;
				CLANG_WARN_BOOL_CONVERSION = YES;
				CLANG_WARN_COMMA = YES;
				CLANG_WARN_CONSTANT_CONVERSION = YES;
				CLANG_WARN_DEPRECATED_OBJC_IMPLEMENTATIONS = YES;
				CLANG_WARN_DIRECT_OBJC_ISA_USAGE = YES_ERROR;
				CLANG_WARN_DOCUMENTATION_COMMENTS = YES;
				CLANG_WARN_EMPTY_BODY = YES;
				CLANG_WARN_ENUM_CONVERSION = YES;
				CLANG_WARN_INFINITE_RECURSION = YES;
				CLANG_WARN_INT_CONVERSION = YES;
				CLANG_WARN_NON_LITERAL_NULL_CONVERSION = YES;
				CLANG_WARN_OBJC_IMPLICIT_RETAIN_SELF = YES;
				CLANG_WARN_OBJC_LITERAL_CONVERSION = YES;
				CLANG_WARN_OBJC_ROOT_CLASS = YES_ERROR;
				CLANG_WARN_QUOTED_INCLUDE_IN_FRAMEWORK_HEADER = YES;
				CLANG_WARN_RANGE_LOOP_ANALYSIS = YES;
				CLANG_WARN_STRICT_PROTOTYPES = YES;
				CLANG_WARN_SUSPICIOUS_MOVE = YES;
				CLANG_WARN_UNGUARDED_AVAILABILITY = YES_AGGRESSIVE;
				CLANG_WARN_UNREACHABLE_CODE = YES;
				CLANG_WARN__DUPLICATE_METHOD_MATCH = YES;
				COPY_PHASE_STRIP = NO;
				DEBUG_INFORMATION_FORMAT = "dwarf-with-dsym";
				ENABLE_NS_ASSERTIONS = NO;
				ENABLE_STRICT_OBJC_MSGSEND = YES;
				ENABLE_USER_SCRIPT_SANDBOXING = YES;
				GCC_C_LANGUAGE_STANDARD = gnu17;
				GCC_NO_COMMON_BLOCKS = YES;
				GCC_WARN_64_TO_32_BIT_CONVERSION = YES;
				GCC_WARN_ABOUT_RETURN_TYPE = YES_ERROR;
				GCC_WARN_UNDECLARED_SELECTOR = YES;
				GCC_WARN_UNINITIALIZED_AUTOS = YES_AGGRESSIVE;
				GCC_WARN_UNUSED_FUNCTION = YES;
				GCC_WARN_UNUSED_VARIABLE = YES;
				IPHONEOS_DEPLOYMENT_TARGET = 18.0;
				LOCALIZATION_PREFERS_STRING_CATALOGS = YES;
				MTL_ENABLE_DEBUG_INFO = NO;
				MTL_FAST_MATH = YES;
				SDKROOT = iphoneos;
				SWIFT_COMPILATION_MODE = wholemodule;
				VALIDATE_PRODUCT = YES;
			};
			name = Release;
		};
		54E41FD22E2E9CCC007DAB5D /* Debug */ = {
			isa = XCBuildConfiguration;
			buildSettings = {
				ASSETCATALOG_COMPILER_APPICON_NAME = AppIcon;
				ASSETCATALOG_COMPILER_GLOBAL_ACCENT_COLOR_NAME = AccentColor;
				CODE_SIGN_STYLE = Automatic;
				CURRENT_PROJECT_VERSION = 1;
				DEVELOPMENT_ASSET_PATHS = "\"Routa/Preview Content\"";
				ENABLE_PREVIEWS = YES;
				GENERATE_INFOPLIST_FILE = YES;
				INFOPLIST_KEY_UIApplicationSceneManifest_Generation = YES;
				INFOPLIST_KEY_UIApplicationSupportsIndirectInputEvents = YES;
				INFOPLIST_KEY_UILaunchScreen_Generation = YES;
				INFOPLIST_KEY_UISupportedInterfaceOrientations_iPad = "UIInterfaceOrientationPortrait UIInterfaceOrientationPortraitUpsideDown UIInterfaceOrientationLandscapeLeft UIInterfaceOrientationLandscapeRight";
				INFOPLIST_KEY_UISupportedInterfaceOrientations_iPhone = "UIInterfaceOrientationPortrait UIInterfaceOrientationLandscapeLeft UIInterfaceOrientationLandscapeRight";
				LD_RUNPATH_SEARCH_PATHS = (
					"$(inherited)",
					"@executable_path/Frameworks",
				);
				MARKETING_VERSION = 1.0;
				PRODUCT_BUNDLE_IDENTIFIER = com.yigithanyildiz.Routa;
				PRODUCT_NAME = "$(TARGET_NAME)";
				SWIFT_EMIT_LOC_STRINGS = YES;
				SWIFT_VERSION = 5.0;
				TARGETED_DEVICE_FAMILY = "1,2";
			};
			name = Debug;
		};
		54E41FD32E2E9CCC007DAB5D /* Release */ = {
			isa = XCBuildConfiguration;
			buildSettings = {
				ASSETCATALOG_COMPILER_APPICON_NAME = AppIcon;
				ASSETCATALOG_COMPILER_GLOBAL_ACCENT_COLOR_NAME = AccentColor;
				CODE_SIGN_STYLE = Automatic;
				CURRENT_PROJECT_VERSION = 1;
				DEVELOPMENT_ASSET_PATHS = "\"Routa/Preview Content\"";
				ENABLE_PREVIEWS = YES;
				GENERATE_INFOPLIST_FILE = YES;
				INFOPLIST_KEY_UIApplicationSceneManifest_Generation = YES;
				INFOPLIST_KEY_UIApplicationSupportsIndirectInputEvents = YES;
				INFOPLIST_KEY_UILaunchScreen_Generation = YES;
				INFOPLIST_KEY_UISupportedInterfaceOrientations_iPad = "UIInterfaceOrientationPortrait UIInterfaceOrientationPortraitUpsideDown UIInterfaceOrientationLandscapeLeft UIInterfaceOrientationLandscapeRight";
				INFOPLIST_KEY_UISupportedInterfaceOrientations_iPhone = "UIInterfaceOrientationPortrait UIInterfaceOrientationLandscapeLeft UIInterfaceOrientationLandscapeRight";
				LD_RUNPATH_SEARCH_PATHS = (
					"$(inherited)",
					"@executable_path/Frameworks",
				);
				MARKETING_VERSION = 1.0;
				PRODUCT_BUNDLE_IDENTIFIER = com.yigithanyildiz.Routa;
				PRODUCT_NAME = "$(TARGET_NAME)";
				SWIFT_EMIT_LOC_STRINGS = YES;
				SWIFT_VERSION = 5.0;
				TARGETED_DEVICE_FAMILY = "1,2";
			};
			name = Release;
		};
		54E41FD52E2E9CCC007DAB5D /* Debug */ = {
			isa = XCBuildConfiguration;
			buildSettings = {
				BUNDLE_LOADER = "$(TEST_HOST)";
				CODE_SIGN_STYLE = Automatic;
				CURRENT_PROJECT_VERSION = 1;
				GENERATE_INFOPLIST_FILE = YES;
				IPHONEOS_DEPLOYMENT_TARGET = 18.0;
				MARKETING_VERSION = 1.0;
				PRODUCT_BUNDLE_IDENTIFIER = com.yigithanyildiz.RoutaTests;
				PRODUCT_NAME = "$(TARGET_NAME)";
				SWIFT_EMIT_LOC_STRINGS = NO;
				SWIFT_VERSION = 5.0;
				TARGETED_DEVICE_FAMILY = "1,2";
				TEST_HOST = "$(BUILT_PRODUCTS_DIR)/Routa.app/$(BUNDLE_EXECUTABLE_FOLDER_PATH)/Routa";
			};
			name = Debug;
		};
		54E41FD62E2E9CCC007DAB5D /* Release */ = {
			isa = XCBuildConfiguration;
			buildSettings = {
				BUNDLE_LOADER = "$(TEST_HOST)";
				CODE_SIGN_STYLE = Automatic;
				CURRENT_PROJECT_VERSION = 1;
				GENERATE_INFOPLIST_FILE = YES;
				IPHONEOS_DEPLOYMENT_TARGET = 18.0;
				MARKETING_VERSION = 1.0;
				PRODUCT_BUNDLE_IDENTIFIER = com.yigithanyildiz.RoutaTests;
				PRODUCT_NAME = "$(TARGET_NAME)";
				SWIFT_EMIT_LOC_STRINGS = NO;
				SWIFT_VERSION = 5.0;
				TARGETED_DEVICE_FAMILY = "1,2";
				TEST_HOST = "$(BUILT_PRODUCTS_DIR)/Routa.app/$(BUNDLE_EXECUTABLE_FOLDER_PATH)/Routa";
			};
			name = Release;
		};
		54E41FD82E2E9CCC007DAB5D /* Debug */ = {
			isa = XCBuildConfiguration;
			buildSettings = {
				CODE_SIGN_STYLE = Automatic;
				CURRENT_PROJECT_VERSION = 1;
				GENERATE_INFOPLIST_FILE = YES;
				MARKETING_VERSION = 1.0;
				PRODUCT_BUNDLE_IDENTIFIER = com.yigithanyildiz.RoutaUITests;
				PRODUCT_NAME = "$(TARGET_NAME)";
				SWIFT_EMIT_LOC_STRINGS = NO;
				SWIFT_VERSION = 5.0;
				TARGETED_DEVICE_FAMILY = "1,2";
				TEST_TARGET_NAME = Routa;
			};
			name = Debug;
		};
		54E41FD92E2E9CCC007DAB5D /* Release */ = {
			isa = XCBuildConfiguration;
			buildSettings = {
				CODE_SIGN_STYLE = Automatic;
				CURRENT_PROJECT_VERSION = 1;
				GENERATE_INFOPLIST_FILE = YES;
				MARKETING_VERSION = 1.0;
				PRODUCT_BUNDLE_IDENTIFIER = com.yigithanyildiz.RoutaUITests;
				PRODUCT_NAME = "$(TARGET_NAME)";
				SWIFT_EMIT_LOC_STRINGS = NO;
				SWIFT_VERSION = 5.0;
				TARGETED_DEVICE_FAMILY = "1,2";
				TEST_TARGET_NAME = Routa;
			};
			name = Release;
		};
/* End XCBuildConfiguration section */

/* Begin XCConfigurationList section */
		54E41FA62E2E9CCB007DAB5D /* Build configuration list for PBXProject "Routa" */ = {
			isa = XCConfigurationList;
			buildConfigurations = (
				54E41FCF2E2E9CCC007DAB5D /* Debug */,
				54E41FD02E2E9CCC007DAB5D /* Release */,
			);
			defaultConfigurationIsVisible = 0;
			defaultConfigurationName = Release;
		};
		54E41FD12E2E9CCC007DAB5D /* Build configuration list for PBXNativeTarget "Routa" */ = {
			isa = XCConfigurationList;
			buildConfigurations = (
				54E41FD22E2E9CCC007DAB5D /* Debug */,
				54E41FD32E2E9CCC007DAB5D /* Release */,
			);
			defaultConfigurationIsVisible = 0;
			defaultConfigurationName = Release;
		};
		54E41FD42E2E9CCC007DAB5D /* Build configuration list for PBXNativeTarget "RoutaTests" */ = {
			isa = XCConfigurationList;
			buildConfigurations = (
				54E41FD52E2E9CCC007DAB5D /* Debug */,
				54E41FD62E2E9CCC007DAB5D /* Release */,
			);
			defaultConfigurationIsVisible = 0;
			defaultConfigurationName = Release;
		};
		54E41FD72E2E9CCC007DAB5D /* Build configuration list for PBXNativeTarget "RoutaUITests" */ = {
			isa = XCConfigurationList;
			buildConfigurations = (
				54E41FD82E2E9CCC007DAB5D /* Debug */,
				54E41FD92E2E9CCC007DAB5D /* Release */,
			);
			defaultConfigurationIsVisible = 0;
			defaultConfigurationName = Release;
		};
/* End XCConfigurationList section */

/* Begin XCRemoteSwiftPackageReference section */
		543A5BFF2E3DFE070007ED64 /* XCRemoteSwiftPackageReference "firebase-ios-sdk" */ = {
			isa = XCRemoteSwiftPackageReference;
			repositoryURL = "https://github.com/firebase/firebase-ios-sdk.git";
			requirement = {
				kind = upToNextMajorVersion;
				minimumVersion = 12.0.0;
			};
		};
/* End XCRemoteSwiftPackageReference section */

/* Begin XCSwiftPackageProductDependency section */
		542DBC432E7B73210072A320 /* FirebaseDatabase */ = {
			isa = XCSwiftPackageProductDependency;
			package = 543A5BFF2E3DFE070007ED64 /* XCRemoteSwiftPackageReference "firebase-ios-sdk" */;
			productName = FirebaseDatabase;
		};
		542DBC452E7B73210072A320 /* FirebaseFirestore */ = {
			isa = XCSwiftPackageProductDependency;
			package = 543A5BFF2E3DFE070007ED64 /* XCRemoteSwiftPackageReference "firebase-ios-sdk" */;
			productName = FirebaseFirestore;
		};
		543A5C002E3DFE070007ED64 /* FirebaseAuth */ = {
			isa = XCSwiftPackageProductDependency;
			package = 543A5BFF2E3DFE070007ED64 /* XCRemoteSwiftPackageReference "firebase-ios-sdk" */;
			productName = FirebaseAuth;
		};
		543A5C022E3DFE070007ED64 /* FirebaseAuthCombine-Community */ = {
			isa = XCSwiftPackageProductDependency;
			package = 543A5BFF2E3DFE070007ED64 /* XCRemoteSwiftPackageReference "firebase-ios-sdk" */;
			productName = "FirebaseAuthCombine-Community";
		};
/* End XCSwiftPackageProductDependency section */
	};
	rootObject = 54E41FA32E2E9CCB007DAB5D /* Project object */;
}
